
Microsoft Visual Studio Solution File, Format Version 12.00
# Visual Studio 15
VisualStudioVersion = 15.0.28307.106
MinimumVisualStudioVersion = 10.0.40219.1
Project("{2150E333-8FDC-42A3-9474-1A3956D46DE8}") = "Gallery3", "Gallery3", "{F9963179-F332-4CFD-92D8-F2264581B104}"
EndProject
Project("{2150E333-8FDC-42A3-9474-1A3956D46DE8}") = "old", "old", "{3AED6910-DC15-4F79-B1DD-368E24E16D5B}"
EndProject
Project("{FAE04EC0-301F-11D3-BF4B-00C04F79EFBC}") = "Gallery3SelfHost", "Gallery3SelfHost\Gallery3SelfHost.csproj", "{CB0F6C31-E9F5-4284-B1F1-02AB23D2066E}"
EndProject
Project("{FAE04EC0-301F-11D3-BF4B-00C04F79EFBC}") = "Gallery3WinForm", "Gallery3WinForm\Gallery3WinForm.csproj", "{94CE5BA2-6F55-48A6-9416-41E1D455BABB}"
EndProject
Project("{FAE04EC0-301F-11D3-BF4B-00C04F79EFBC}") = "Gallery4Universal", "Gallery4Universal\Gallery4Universal.csproj", "{0D66E544-7E02-4507-8A84-3D9832F8037B}"
EndProject
Global
	GlobalSection(SolutionConfigurationPlatforms) = preSolution
		Debug|Any CPU = Debug|Any CPU
		Debug|ARM = Debug|ARM
		Debug|ARM64 = Debug|ARM64
		Debug|x64 = Debug|x64
		Debug|x86 = Debug|x86
		Release|Any CPU = Release|Any CPU
		Release|ARM = Release|ARM
		Release|ARM64 = Release|ARM64
		Release|x64 = Release|x64
		Release|x86 = Release|x86
	EndGlobalSection
	GlobalSection(ProjectConfigurationPlatforms) = postSolution
		{CB0F6C31-E9F5-4284-B1F1-02AB23D2066E}.Debug|Any CPU.ActiveCfg = Debug|Any CPU
		{CB0F6C31-E9F5-4284-B1F1-02AB23D2066E}.Debug|Any CPU.Build.0 = Debug|Any CPU
		{CB0F6C31-E9F5-4284-B1F1-02AB23D2066E}.Debug|ARM.ActiveCfg = Debug|Any CPU
		{CB0F6C31-E9F5-4284-B1F1-02AB23D2066E}.Debug|ARM.Build.0 = Debug|Any CPU
		{CB0F6C31-E9F5-4284-B1F1-02AB23D2066E}.Debug|ARM64.ActiveCfg = Debug|Any CPU
		{CB0F6C31-E9F5-4284-B1F1-02AB23D2066E}.Debug|ARM64.Build.0 = Debug|Any CPU
		{CB0F6C31-E9F5-4284-B1F1-02AB23D2066E}.Debug|x64.ActiveCfg = Debug|Any CPU
		{CB0F6C31-E9F5-4284-B1F1-02AB23D2066E}.Debug|x64.Build.0 = Debug|Any CPU
		{CB0F6C31-E9F5-4284-B1F1-02AB23D2066E}.Debug|x86.ActiveCfg = Debug|Any CPU
		{CB0F6C31-E9F5-4284-B1F1-02AB23D2066E}.Debug|x86.Build.0 = Debug|Any CPU
		{CB0F6C31-E9F5-4284-B1F1-02AB23D2066E}.Release|Any CPU.ActiveCfg = Release|Any CPU
		{CB0F6C31-E9F5-4284-B1F1-02AB23D2066E}.Release|Any CPU.Build.0 = Release|Any CPU
		{CB0F6C31-E9F5-4284-B1F1-02AB23D2066E}.Release|ARM.ActiveCfg = Release|Any CPU
		{CB0F6C31-E9F5-4284-B1F1-02AB23D2066E}.Release|ARM.Build.0 = Release|Any CPU
		{CB0F6C31-E9F5-4284-B1F1-02AB23D2066E}.Release|ARM64.ActiveCfg = Release|Any CPU
		{CB0F6C31-E9F5-4284-B1F1-02AB23D2066E}.Release|ARM64.Build.0 = Release|Any CPU
		{CB0F6C31-E9F5-4284-B1F1-02AB23D2066E}.Release|x64.ActiveCfg = Release|Any CPU
		{CB0F6C31-E9F5-4284-B1F1-02AB23D2066E}.Release|x64.Build.0 = Release|Any CPU
		{CB0F6C31-E9F5-4284-B1F1-02AB23D2066E}.Release|x86.ActiveCfg = Release|Any CPU
		{CB0F6C31-E9F5-4284-B1F1-02AB23D2066E}.Release|x86.Build.0 = Release|Any CPU
		{94CE5BA2-6F55-48A6-9416-41E1D455BABB}.Debug|Any CPU.ActiveCfg = Debug|Any CPU
		{94CE5BA2-6F55-48A6-9416-41E1D455BABB}.Debug|Any CPU.Build.0 = Debug|Any CPU
		{94CE5BA2-6F55-48A6-9416-41E1D455BABB}.Debug|ARM.ActiveCfg = Debug|Any CPU
		{94CE5BA2-6F55-48A6-9416-41E1D455BABB}.Debug|ARM.Build.0 = Debug|Any CPU
		{94CE5BA2-6F55-48A6-9416-41E1D455BABB}.Debug|ARM64.ActiveCfg = Debug|Any CPU
		{94CE5BA2-6F55-48A6-9416-41E1D455BABB}.Debug|ARM64.Build.0 = Debug|Any CPU
		{94CE5BA2-6F55-48A6-9416-41E1D455BABB}.Debug|x64.ActiveCfg = Debug|Any CPU
		{94CE5BA2-6F55-48A6-9416-41E1D455BABB}.Debug|x64.Build.0 = Debug|Any CPU
		{94CE5BA2-6F55-48A6-9416-41E1D455BABB}.Debug|x86.ActiveCfg = Debug|Any CPU
		{94CE5BA2-6F55-48A6-9416-41E1D455BABB}.Debug|x86.Build.0 = Debug|Any CPU
		{94CE5BA2-6F55-48A6-9416-41E1D455BABB}.Release|Any CPU.ActiveCfg = Release|Any CPU
		{94CE5BA2-6F55-48A6-9416-41E1D455BABB}.Release|Any CPU.Build.0 = Release|Any CPU
		{94CE5BA2-6F55-48A6-9416-41E1D455BABB}.Release|ARM.ActiveCfg = Release|Any CPU
		{94CE5BA2-6F55-48A6-9416-41E1D455BABB}.Release|ARM.Build.0 = Release|Any CPU
		{94CE5BA2-6F55-48A6-9416-41E1D455BABB}.Release|ARM64.ActiveCfg = Release|Any CPU
		{94CE5BA2-6F55-48A6-9416-41E1D455BABB}.Release|ARM64.Build.0 = Release|Any CPU
		{94CE5BA2-6F55-48A6-9416-41E1D455BABB}.Release|x64.ActiveCfg = Release|Any CPU
		{94CE5BA2-6F55-48A6-9416-41E1D455BABB}.Release|x64.Build.0 = Release|Any CPU
		{94CE5BA2-6F55-48A6-9416-41E1D455BABB}.Release|x86.ActiveCfg = Release|Any CPU
		{94CE5BA2-6F55-48A6-9416-41E1D455BABB}.Release|x86.Build.0 = Release|Any CPU
		{0D66E544-7E02-4507-8A84-3D9832F8037B}.Debug|Any CPU.ActiveCfg = Debug|x86
		{0D66E544-7E02-4507-8A84-3D9832F8037B}.Debug|ARM.ActiveCfg = Debug|ARM
		{0D66E544-7E02-4507-8A84-3D9832F8037B}.Debug|ARM.Build.0 = Debug|ARM
		{0D66E544-7E02-4507-8A84-3D9832F8037B}.Debug|ARM.Deploy.0 = Debug|ARM
		{0D66E544-7E02-4507-8A84-3D9832F8037B}.Debug|ARM64.ActiveCfg = Debug|ARM64
		{0D66E544-7E02-4507-8A84-3D9832F8037B}.Debug|ARM64.Build.0 = Debug|ARM64
		{0D66E544-7E02-4507-8A84-3D9832F8037B}.Debug|ARM64.Deploy.0 = Debug|ARM64
		{0D66E544-7E02-4507-8A84-3D9832F8037B}.Debug|x64.ActiveCfg = Debug|x64
		{0D66E544-7E02-4507-8A84-3D9832F8037B}.Debug|x64.Build.0 = Debug|x64
		{0D66E544-7E02-4507-8A84-3D9832F8037B}.Debug|x64.Deploy.0 = Debug|x64
		{0D66E544-7E02-4507-8A84-3D9832F8037B}.Debug|x86.ActiveCfg = Debug|x86
		{0D66E544-7E02-4507-8A84-3D9832F8037B}.Debug|x86.Build.0 = Debug|x86
		{0D66E544-7E02-4507-8A84-3D9832F8037B}.Debug|x86.Deploy.0 = Debug|x86
		{0D66E544-7E02-4507-8A84-3D9832F8037B}.Release|Any CPU.ActiveCfg = Release|x86
		{0D66E544-7E02-4507-8A84-3D9832F8037B}.Release|ARM.ActiveCfg = Release|ARM
		{0D66E544-7E02-4507-8A84-3D9832F8037B}.Release|ARM.Build.0 = Release|ARM
		{0D66E544-7E02-4507-8A84-3D9832F8037B}.Release|ARM.Deploy.0 = Release|ARM
		{0D66E544-7E02-4507-8A84-3D9832F8037B}.Release|ARM64.ActiveCfg = Release|ARM64
		{0D66E544-7E02-4507-8A84-3D9832F8037B}.Release|ARM64.Build.0 = Release|ARM64
		{0D66E544-7E02-4507-8A84-3D9832F8037B}.Release|ARM64.Deploy.0 = Release|ARM64
		{0D66E544-7E02-4507-8A84-3D9832F8037B}.Release|x64.ActiveCfg = Release|x64
		{0D66E544-7E02-4507-8A84-3D9832F8037B}.Release|x64.Build.0 = Release|x64
		{0D66E544-7E02-4507-8A84-3D9832F8037B}.Release|x64.Deploy.0 = Release|x64
		{0D66E544-7E02-4507-8A84-3D9832F8037B}.Release|x86.ActiveCfg = Release|x86
		{0D66E544-7E02-4507-8A84-3D9832F8037B}.Release|x86.Build.0 = Release|x86
		{0D66E544-7E02-4507-8A84-3D9832F8037B}.Release|x86.Deploy.0 = Release|x86
	EndGlobalSection
	GlobalSection(SolutionProperties) = preSolution
		HideSolutionNode = FALSE
	EndGlobalSection
	GlobalSection(NestedProjects) = preSolution
		{CB0F6C31-E9F5-4284-B1F1-02AB23D2066E} = {F9963179-F332-4CFD-92D8-F2264581B104}
		{94CE5BA2-6F55-48A6-9416-41E1D455BABB} = {F9963179-F332-4CFD-92D8-F2264581B104}
		{0D66E544-7E02-4507-8A84-3D9832F8037B} = {F9963179-F332-4CFD-92D8-F2264581B104}
	EndGlobalSection
	GlobalSection(ExtensibilityGlobals) = postSolution
		SolutionGuid = {DFFD5D73-DD3F-4D56-8D7D-66420B21EEC9}
	EndGlobalSection
EndGlobal
